<?xml version="1.0" encoding="utf-8"?>
<Project ToolsVersion="4.0" xmlns="http://schemas.microsoft.com/developer/msbuild/2003">
  <ItemGroup>
    <Filter Include="Audio">
      <UniqueIdentifier>{35bdb6d3-dde4-40d2-abaa-b97c7b677d3d}</UniqueIdentifier>
    </Filter>
    <Filter Include="Core">
      <UniqueIdentifier>{adc495f9-87e3-4803-bff9-572536fa3f87}</UniqueIdentifier>
    </Filter>
    <Filter Include="DataUtils">
      <UniqueIdentifier>{d04ab643-4ef1-4f0e-a8a5-a95b68669df7}</UniqueIdentifier>
    </Filter>
    <Filter Include="FileIO">
      <UniqueIdentifier>{d6ad37ca-18a4-46b8-b860-766bbaba76e6}</UniqueIdentifier>
    </Filter>
    <Filter Include="GameObject">
      <UniqueIdentifier>{20a56917-267d-46bf-9c5f-37aa46123ff3}</UniqueIdentifier>
    </Filter>
    <Filter Include="Image">
      <UniqueIdentifier>{ffbf7dd5-237b-459e-ae12-9665857466b5}</UniqueIdentifier>
    </Filter>
    <Filter Include="Input">
      <UniqueIdentifier>{f57e2100-5bdb-417a-a9cd-434ba522861f}</UniqueIdentifier>
    </Filter>
    <Filter Include="Log">
      <UniqueIdentifier>{696eec33-f563-490b-80d8-90c812b3f145}</UniqueIdentifier>
    </Filter>
    <Filter Include="Math">
      <UniqueIdentifier>{79b0f028-e467-4a28-a736-b9d89bc7790c}</UniqueIdentifier>
    </Filter>
    <Filter Include="Net">
      <UniqueIdentifier>{9c1abfcc-f840-4c24-9435-6666541bfcaa}</UniqueIdentifier>
    </Filter>
    <Filter Include="Particles">
      <UniqueIdentifier>{2f86f82f-bc99-4a0a-a539-d6aef92fd816}</UniqueIdentifier>
    </Filter>
    <Filter Include="Profiler">
      <UniqueIdentifier>{299a1b53-884d-4093-b2fd-2680f6f57e9d}</UniqueIdentifier>
    </Filter>
    <Filter Include="Python">
      <UniqueIdentifier>{3317e1cd-d0d7-41bd-88fc-7de2ae0f100e}</UniqueIdentifier>
    </Filter>
    <Filter Include="Renderer">
      <UniqueIdentifier>{cbead742-d659-4512-a527-d871037c0561}</UniqueIdentifier>
    </Filter>
    <Filter Include="ShapeGrammar">
      <UniqueIdentifier>{3ed7e85d-25ab-4b66-82f6-01df6f32fd1c}</UniqueIdentifier>
    </Filter>
    <Filter Include="String">
      <UniqueIdentifier>{01761291-7254-423c-8bd7-6bee7e83d367}</UniqueIdentifier>
    </Filter>
    <Filter Include="Thread">
      <UniqueIdentifier>{b1921ae2-c2c5-453a-b1a1-137b60feb5af}</UniqueIdentifier>
    </Filter>
    <Filter Include="Time">
      <UniqueIdentifier>{6f77e195-32c1-44c2-85b9-20675694db15}</UniqueIdentifier>
    </Filter>
    <Filter Include="UI">
      <UniqueIdentifier>{409129e8-d505-4d8c-9693-a351848a0ef5}</UniqueIdentifier>
    </Filter>
  </ItemGroup>
  <ItemGroup>
    <ClCompile Include="Audio\AudioSystem.cpp">
      <Filter>Audio</Filter>
    </ClCompile>
    <ClCompile Include="Core\CommandSystem.cpp">
      <Filter>Core</Filter>
    </ClCompile>
    <ClCompile Include="Core\Console.cpp">
      <Filter>Core</Filter>
    </ClCompile>
    <ClCompile Include="Core\ContainerUtils.cpp">
      <Filter>Core</Filter>
    </ClCompile>
    <ClCompile Include="Core\EngineCommands.cpp">
      <Filter>Core</Filter>
    </ClCompile>
    <ClCompile Include="Core\ErrorUtils.cpp">
      <Filter>Core</Filter>
    </ClCompile>
    <ClCompile Include="Core\Rgba.cpp">
      <Filter>Core</Filter>
    </ClCompile>
    <ClCompile Include="Core\Window.cpp">
      <Filter>Core</Filter>
    </ClCompile>
    <ClCompile Include="DataUtils\Blob.cpp">
      <Filter>DataUtils</Filter>
    </ClCompile>
    <ClCompile Include="DataUtils\EndianUtils.cpp">
      <Filter>DataUtils</Filter>
    </ClCompile>
    <ClCompile Include="FileIO\Blackboard.cpp">
      <Filter>FileIO</Filter>
    </ClCompile>
    <ClCompile Include="FileIO\IOUtils.cpp">
      <Filter>FileIO</Filter>
    </ClCompile>
    <ClCompile Include="FileIO\ObjLoader.cpp">
      <Filter>FileIO</Filter>
    </ClCompile>
    <ClCompile Include="FileIO\XmlUtils.cpp">
      <Filter>FileIO</Filter>
    </ClCompile>
    <ClCompile Include="GameObject\GameObject.cpp">
      <Filter>GameObject</Filter>
    </ClCompile>
    <ClCompile Include="GameObject\GameObjectManager.cpp">
      <Filter>GameObject</Filter>
    </ClCompile>
    <ClCompile Include="GameObject\Transform.cpp">
      <Filter>GameObject</Filter>
    </ClCompile>
    <ClCompile Include="Image\Image.cpp">
      <Filter>Image</Filter>
    </ClCompile>
    <ClCompile Include="Input\AnalogJoystick.cpp">
      <Filter>Input</Filter>
    </ClCompile>
    <ClCompile Include="Input\InputSystem.cpp">
      <Filter>Input</Filter>
    </ClCompile>
    <ClCompile Include="Input\KeyButtonState.cpp">
      <Filter>Input</Filter>
    </ClCompile>
    <ClCompile Include="Input\XboxController.cpp">
      <Filter>Input</Filter>
    </ClCompile>
    <ClCompile Include="Log\LogFilter.cpp">
      <Filter>Log</Filter>
    </ClCompile>
    <ClCompile Include="Log\Logger.cpp">
      <Filter>Log</Filter>
    </ClCompile>
    <ClCompile Include="Log\ProfileLogScoped.cpp">
      <Filter>Log</Filter>
    </ClCompile>
    <ClCompile Include="Math\AABB2.cpp">
      <Filter>Math</Filter>
    </ClCompile>
    <ClCompile Include="Math\AABB3.cpp">
      <Filter>Math</Filter>
    </ClCompile>
    <ClCompile Include="Math\CubeSide.cpp">
      <Filter>Math</Filter>
    </ClCompile>
    <ClCompile Include="Math\CubicSpline.cpp">
      <Filter>Math</Filter>
    </ClCompile>
    <ClCompile Include="Math\Disc2.cpp">
      <Filter>Math</Filter>
    </ClCompile>
    <ClCompile Include="Math\Distance.cpp">
      <Filter>Math</Filter>
    </ClCompile>
    <ClCompile Include="Math\Frustum.cpp">
      <Filter>Math</Filter>
    </ClCompile>
    <ClCompile Include="Math\GridStepper2D.cpp">
      <Filter>Math</Filter>
    </ClCompile>
    <ClCompile Include="Math\Intersection.cpp">
      <Filter>Math</Filter>
    </ClCompile>
    <ClCompile Include="Math\IRange.cpp">
      <Filter>Math</Filter>
    </ClCompile>
    <ClCompile Include="Math\IVec2.cpp">
      <Filter>Math</Filter>
    </ClCompile>
    <ClCompile Include="Math\IVec3.cpp">
      <Filter>Math</Filter>
    </ClCompile>
    <ClCompile Include="Math\Mat4.cpp">
      <Filter>Math</Filter>
    </ClCompile>
    <ClCompile Include="Math\MathUtils.cpp">
      <Filter>Math</Filter>
    </ClCompile>
    <ClCompile Include="Math\OBB3.cpp">
      <Filter>Math</Filter>
    </ClCompile>
    <ClCompile Include="Math\Plane.cpp">
      <Filter>Math</Filter>
    </ClCompile>
    <ClCompile Include="Math\Random.cpp">
      <Filter>Math</Filter>
    </ClCompile>
    <ClCompile Include="Math\Range.cpp">
      <Filter>Math</Filter>
    </ClCompile>
    <ClCompile Include="Math\RawNoise.cpp">
      <Filter>Math</Filter>
    </ClCompile>
    <ClCompile Include="Math\Ray2.cpp">
      <Filter>Math</Filter>
    </ClCompile>
    <ClCompile Include="Math\Ray3.cpp">
      <Filter>Math</Filter>
    </ClCompile>
    <ClCompile Include="Math\Raycast.cpp">
      <Filter>Math</Filter>
    </ClCompile>
    <ClCompile Include="Math\RaycastHit3.cpp">
      <Filter>Math</Filter>
    </ClCompile>
    <ClCompile Include="Math\SmoothNoise.cpp">
      <Filter>Math</Filter>
    </ClCompile>
    <ClCompile Include="Math\Solver.cpp">
      <Filter>Math</Filter>
    </ClCompile>
    <ClCompile Include="Math\SurfacePatch.cpp">
      <Filter>Math</Filter>
    </ClCompile>
    <ClCompile Include="Math\Trajectory.cpp">
      <Filter>Math</Filter>
    </ClCompile>
    <ClCompile Include="Math\Vec2.cpp">
      <Filter>Math</Filter>
    </ClCompile>
    <ClCompile Include="Math\Vec3.cpp">
      <Filter>Math</Filter>
    </ClCompile>
    <ClCompile Include="Math\Vec4.cpp">
      <Filter>Math</Filter>
    </ClCompile>
    <ClCompile Include="Net\Net.cpp">
      <Filter>Net</Filter>
    </ClCompile>
    <ClCompile Include="Net\NetAddress.cpp">
      <Filter>Net</Filter>
    </ClCompile>
    <ClCompile Include="Net\TCPSocket.cpp">
      <Filter>Net</Filter>
    </ClCompile>
    <ClCompile Include="Particles\Particle.cpp">
      <Filter>Particles</Filter>
    </ClCompile>
    <ClCompile Include="Particles\ParticleEmitter.cpp">
      <Filter>Particles</Filter>
    </ClCompile>
    <ClCompile Include="Profiler\Profiler.cpp">
      <Filter>Profiler</Filter>
    </ClCompile>
    <ClCompile Include="Profiler\ProfilerReport.cpp">
      <Filter>Profiler</Filter>
    </ClCompile>
    <ClCompile Include="Profiler\ProfilerReportEntry.cpp">
      <Filter>Profiler</Filter>
    </ClCompile>
    <ClCompile Include="Python\PythonInterpreter.cpp">
      <Filter>Python</Filter>
    </ClCompile>
    <ClCompile Include="Renderer\BarGraphBuilder.cpp">
      <Filter>Renderer</Filter>
    </ClCompile>
    <ClCompile Include="Renderer\BitmapFont.cpp">
      <Filter>Renderer</Filter>
    </ClCompile>
    <ClCompile Include="Renderer\Camera.cpp">
      <Filter>Renderer</Filter>
    </ClCompile>
    <ClCompile Include="Renderer\CubeMap.cpp">
      <Filter>Renderer</Filter>
    </ClCompile>
    <ClCompile Include="Renderer\DebugRender.cpp">
      <Filter>Renderer</Filter>
    </ClCompile>
    <ClCompile Include="Renderer\DrawCall.cpp">
      <Filter>Renderer</Filter>
    </ClCompile>
    <ClCompile Include="Renderer\ForwardRenderingPath.cpp">
      <Filter>Renderer</Filter>
    </ClCompile>
    <ClCompile Include="Renderer\FrameBuffer.cpp">
      <Filter>Renderer</Filter>
    </ClCompile>
    <ClCompile Include="Renderer\GLFunctions.cpp">
      <Filter>Renderer</Filter>
    </ClCompile>
    <ClCompile Include="Renderer\IndexBuffer.cpp">
      <Filter>Renderer</Filter>
    </ClCompile>
    <ClCompile Include="Renderer\InputLayout.cpp">
      <Filter>Renderer</Filter>
    </ClCompile>
    <ClCompile Include="Renderer\Light.cpp">
      <Filter>Renderer</Filter>
    </ClCompile>
    <ClCompile Include="Renderer\Material.cpp">
      <Filter>Renderer</Filter>
    </ClCompile>
    <ClCompile Include="Renderer\Mesh.cpp">
      <Filter>Renderer</Filter>
    </ClCompile>
    <ClCompile Include="Renderer\MeshBuilder.cpp">
      <Filter>Renderer</Filter>
    </ClCompile>
    <ClCompile Include="Renderer\MeshPrimitive.cpp">
      <Filter>Renderer</Filter>
    </ClCompile>
    <ClCompile Include="Renderer\OrbitCamera.cpp">
      <Filter>Renderer</Filter>
    </ClCompile>
    <ClCompile Include="Renderer\Renderable.cpp">
      <Filter>Renderer</Filter>
    </ClCompile>
    <ClCompile Include="Renderer\RenderBuffer.cpp">
      <Filter>Renderer</Filter>
    </ClCompile>
    <ClCompile Include="Renderer\Renderer.cpp">
      <Filter>Renderer</Filter>
    </ClCompile>
    <ClCompile Include="Renderer\RendererEnums.cpp">
      <Filter>Renderer</Filter>
    </ClCompile>
    <ClCompile Include="Renderer\RenderingContext.cpp">
      <Filter>Renderer</Filter>
    </ClCompile>
    <ClCompile Include="Renderer\RenderSceneGraph.cpp">
      <Filter>Renderer</Filter>
    </ClCompile>
    <ClCompile Include="Renderer\RenderState.cpp">
      <Filter>Renderer</Filter>
    </ClCompile>
    <ClCompile Include="Renderer\Sampler.cpp">
      <Filter>Renderer</Filter>
    </ClCompile>
    <ClCompile Include="Renderer\ShaderPass.cpp">
      <Filter>Renderer</Filter>
    </ClCompile>
    <ClCompile Include="Renderer\ShaderProgram.cpp">
      <Filter>Renderer</Filter>
    </ClCompile>
    <ClCompile Include="Renderer\ShaderSourceBuilder.cpp">
      <Filter>Renderer</Filter>
    </ClCompile>
    <ClCompile Include="Renderer\SpriteAnim.cpp">
      <Filter>Renderer</Filter>
    </ClCompile>
    <ClCompile Include="Renderer\SpriteAnimDefinition.cpp">
      <Filter>Renderer</Filter>
    </ClCompile>
    <ClCompile Include="Renderer\SpriteAnimSet.cpp">
      <Filter>Renderer</Filter>
    </ClCompile>
    <ClCompile Include="Renderer\SpriteAnimSetDefinition.cpp">
      <Filter>Renderer</Filter>
    </ClCompile>
    <ClCompile Include="Renderer\SpriteAnimType.cpp">
      <Filter>Renderer</Filter>
    </ClCompile>
    <ClCompile Include="Renderer\SpriteSheet.cpp">
      <Filter>Renderer</Filter>
    </ClCompile>
    <ClCompile Include="Renderer\TextMeshBuilder.cpp">
      <Filter>Renderer</Filter>
    </ClCompile>
    <ClCompile Include="Renderer\Texture.cpp">
      <Filter>Renderer</Filter>
    </ClCompile>
    <ClCompile Include="Renderer\UniformBuffer.cpp">
      <Filter>Renderer</Filter>
    </ClCompile>
    <ClCompile Include="Renderer\Vertex.cpp">
      <Filter>Renderer</Filter>
    </ClCompile>
    <ClCompile Include="Renderer\VertexLayout.cpp">
      <Filter>Renderer</Filter>
    </ClCompile>
    <ClCompile Include="ShapeGrammar\ShapeRulesetLoader.cpp">
      <Filter>ShapeGrammar</Filter>
    </ClCompile>
    <ClCompile Include="String\StringUtils.cpp">
      <Filter>String</Filter>
    </ClCompile>
    <ClCompile Include="Thread\Thread.cpp">
      <Filter>Thread</Filter>
    </ClCompile>
    <ClCompile Include="Time\Clock.cpp">
      <Filter>Time</Filter>
    </ClCompile>
    <ClCompile Include="Time\DateTime.cpp">
      <Filter>Time</Filter>
    </ClCompile>
    <ClCompile Include="Time\StopWatch.cpp">
      <Filter>Time</Filter>
    </ClCompile>
    <ClCompile Include="Time\Time.cpp">
      <Filter>Time</Filter>
    </ClCompile>
    <ClCompile Include="Time\Timer.cpp">
      <Filter>Time</Filter>
    </ClCompile>
    <ClCompile Include="Time\Tween.cpp">
      <Filter>Time</Filter>
    </ClCompile>
    <ClCompile Include="Time\TweenSystem.cpp">
      <Filter>Time</Filter>
    </ClCompile>
    <ClCompile Include="UI\Menu.cpp">
      <Filter>UI</Filter>
    </ClCompile>
    <ClCompile Include="UI\MenuEntry.cpp">
      <Filter>UI</Filter>
    </ClCompile>
    <ClCompile Include="..\ThirdParty\stb\stb_image.c" />
    <ClCompile Include="..\ThirdParty\mikktspace\mikktspace.c" />
    <ClCompile Include="..\ThirdParty\pugixml\pugixml.cpp" />
    <ClCompile Include="DataUtils\BytePacker.cpp" />
    <ClCompile Include="Core\EngineCommonC.cpp" />
    <ClCompile Include="Net\RemoteCommandService.cpp" />
    <ClCompile Include="Renderer\TextRenderable.cpp" />
    <ClCompile Include="Core\SystemUtils.cpp" />
    <ClCompile Include="Log\LogLevel.cpp" />
  </ItemGroup>
  <ItemGroup>
    <ClInclude Include="Audio\AudioSystem.hpp">
      <Filter>Audio</Filter>
    </ClInclude>
    <ClInclude Include="Core\CommandSystem.hpp">
      <Filter>Core</Filter>
    </ClInclude>
    <ClInclude Include="Core\Console.hpp">
      <Filter>Core</Filter>
    </ClInclude>
    <ClInclude Include="Core\ContainerUtils.hpp">
      <Filter>Core</Filter>
    </ClInclude>
    <ClInclude Include="Core\EngineCommands.hpp">
      <Filter>Core</Filter>
    </ClInclude>
    <ClInclude Include="Core\ErrorUtils.hpp">
      <Filter>Core</Filter>
    </ClInclude>
    <ClInclude Include="Core\Rgba.hpp">
      <Filter>Core</Filter>
    </ClInclude>
    <ClInclude Include="Core\SmartEnum.hpp">
      <Filter>Core</Filter>
    </ClInclude>
    <ClInclude Include="Core\Types.hpp">
      <Filter>Core</Filter>
    </ClInclude>
    <ClInclude Include="Core\Window.hpp">
      <Filter>Core</Filter>
    </ClInclude>
    <ClInclude Include="Core\WindowsCommon.hpp">
      <Filter>Core</Filter>
    </ClInclude>
    <ClInclude Include="DataUtils\Blob.hpp">
      <Filter>DataUtils</Filter>
    </ClInclude>
    <ClInclude Include="DataUtils\EndianUtils.hpp">
      <Filter>DataUtils</Filter>
    </ClInclude>
    <ClInclude Include="FileIO\Blackboard.hpp">
      <Filter>FileIO</Filter>
    </ClInclude>
    <ClInclude Include="FileIO\IOUtils.hpp">
      <Filter>FileIO</Filter>
    </ClInclude>
    <ClInclude Include="FileIO\ObjLoader.hpp">
      <Filter>FileIO</Filter>
    </ClInclude>
    <ClInclude Include="FileIO\XmlUtils.hpp">
      <Filter>FileIO</Filter>
    </ClInclude>
    <ClInclude Include="GameObject\GameObject.hpp">
      <Filter>GameObject</Filter>
    </ClInclude>
    <ClInclude Include="GameObject\GameObjectManager.hpp">
      <Filter>GameObject</Filter>
    </ClInclude>
    <ClInclude Include="GameObject\Transform.hpp">
      <Filter>GameObject</Filter>
    </ClInclude>
    <ClInclude Include="Image\HeatMap.hpp">
      <Filter>Image</Filter>
    </ClInclude>
    <ClInclude Include="Image\Image.hpp">
      <Filter>Image</Filter>
    </ClInclude>
    <ClInclude Include="Input\AnalogJoystick.hpp">
      <Filter>Input</Filter>
    </ClInclude>
    <ClInclude Include="Input\InputObserver.hpp">
      <Filter>Input</Filter>
    </ClInclude>
    <ClInclude Include="Input\InputSystem.hpp">
      <Filter>Input</Filter>
    </ClInclude>
    <ClInclude Include="Input\KeyButtonState.hpp">
      <Filter>Input</Filter>
    </ClInclude>
    <ClInclude Include="Input\XboxController.hpp">
      <Filter>Input</Filter>
    </ClInclude>
    <ClInclude Include="Log\LogEntry.hpp">
      <Filter>Log</Filter>
    </ClInclude>
    <ClInclude Include="Log\LogFilter.hpp">
      <Filter>Log</Filter>
    </ClInclude>
    <ClInclude Include="Log\Logger.hpp">
      <Filter>Log</Filter>
    </ClInclude>
    <ClInclude Include="Log\ProfileLogScoped.hpp">
      <Filter>Log</Filter>
    </ClInclude>
    <ClInclude Include="Math\AABB2.hpp">
      <Filter>Math</Filter>
    </ClInclude>
    <ClInclude Include="Math\AABB3.hpp">
      <Filter>Math</Filter>
    </ClInclude>
    <ClInclude Include="Math\Axis.hpp">
      <Filter>Math</Filter>
    </ClInclude>
    <ClInclude Include="Math\CubeSide.hpp">
      <Filter>Math</Filter>
    </ClInclude>
    <ClInclude Include="Math\CubicSpline.hpp">
      <Filter>Math</Filter>
    </ClInclude>
    <ClInclude Include="Math\Disc2.hpp">
      <Filter>Math</Filter>
    </ClInclude>
    <ClInclude Include="Math\Distance.hpp">
      <Filter>Math</Filter>
    </ClInclude>
    <ClInclude Include="Math\Frustum.hpp">
      <Filter>Math</Filter>
    </ClInclude>
    <ClInclude Include="Math\GridStepper2D.hpp">
      <Filter>Math</Filter>
    </ClInclude>
    <ClInclude Include="Math\Intersection.hpp">
      <Filter>Math</Filter>
    </ClInclude>
    <ClInclude Include="Math\IRange.hpp">
      <Filter>Math</Filter>
    </ClInclude>
    <ClInclude Include="Math\IVec2.hpp">
      <Filter>Math</Filter>
    </ClInclude>
    <ClInclude Include="Math\IVec3.hpp">
      <Filter>Math</Filter>
    </ClInclude>
    <ClInclude Include="Math\Mat4.hpp">
      <Filter>Math</Filter>
    </ClInclude>
    <ClInclude Include="Math\MathUtils.hpp">
      <Filter>Math</Filter>
    </ClInclude>
    <ClInclude Include="Math\OBB3.hpp">
      <Filter>Math</Filter>
    </ClInclude>
    <ClInclude Include="Math\Plane.hpp">
      <Filter>Math</Filter>
    </ClInclude>
    <ClInclude Include="Math\Random.hpp">
      <Filter>Math</Filter>
    </ClInclude>
    <ClInclude Include="Math\Range.hpp">
      <Filter>Math</Filter>
    </ClInclude>
    <ClInclude Include="Math\RawNoise.hpp">
      <Filter>Math</Filter>
    </ClInclude>
    <ClInclude Include="Math\Ray2.hpp">
      <Filter>Math</Filter>
    </ClInclude>
    <ClInclude Include="Math\Ray3.hpp">
      <Filter>Math</Filter>
    </ClInclude>
    <ClInclude Include="Math\Raycast.hpp">
      <Filter>Math</Filter>
    </ClInclude>
    <ClInclude Include="Math\RaycastHit3.hpp">
      <Filter>Math</Filter>
    </ClInclude>
    <ClInclude Include="Math\Segment3.hpp">
      <Filter>Math</Filter>
    </ClInclude>
    <ClInclude Include="Math\SmoothNoise.hpp">
      <Filter>Math</Filter>
    </ClInclude>
    <ClInclude Include="Math\Solver.hpp">
      <Filter>Math</Filter>
    </ClInclude>
    <ClInclude Include="Math\SurfacePatch.hpp">
      <Filter>Math</Filter>
    </ClInclude>
    <ClInclude Include="Math\Trajectory.hpp">
      <Filter>Math</Filter>
    </ClInclude>
    <ClInclude Include="Math\Vec2.hpp">
      <Filter>Math</Filter>
    </ClInclude>
    <ClInclude Include="Math\Vec3.hpp">
      <Filter>Math</Filter>
    </ClInclude>
    <ClInclude Include="Math\Vec4.hpp">
      <Filter>Math</Filter>
    </ClInclude>
    <ClInclude Include="Net\Net.hpp">
      <Filter>Net</Filter>
    </ClInclude>
    <ClInclude Include="Net\NetAddress.hpp">
      <Filter>Net</Filter>
    </ClInclude>
    <ClInclude Include="Net\TCPSocket.hpp">
      <Filter>Net</Filter>
    </ClInclude>
    <ClInclude Include="Particles\Particle.hpp">
      <Filter>Particles</Filter>
    </ClInclude>
    <ClInclude Include="Particles\ParticleEmitter.hpp">
      <Filter>Particles</Filter>
    </ClInclude>
    <ClInclude Include="Profiler\Profiler.hpp">
      <Filter>Profiler</Filter>
    </ClInclude>
    <ClInclude Include="Profiler\ProfilerReport.hpp">
      <Filter>Profiler</Filter>
    </ClInclude>
    <ClInclude Include="Profiler\ProfilerReportEntry.hpp">
      <Filter>Profiler</Filter>
    </ClInclude>
    <ClInclude Include="Python\PythonInterpreter.hpp">
      <Filter>Python</Filter>
    </ClInclude>
    <ClInclude Include="Renderer\BarGraphBuilder.hpp">
      <Filter>Renderer</Filter>
    </ClInclude>
    <ClInclude Include="Renderer\BitmapFont.hpp">
      <Filter>Renderer</Filter>
    </ClInclude>
    <ClInclude Include="Renderer\BuiltinShader.hpp">
      <Filter>Renderer</Filter>
    </ClInclude>
    <ClInclude Include="Renderer\Camera.hpp">
      <Filter>Renderer</Filter>
    </ClInclude>
    <ClInclude Include="Renderer\CubeMap.hpp">
      <Filter>Renderer</Filter>
    </ClInclude>
    <ClInclude Include="Renderer\DebugRender.hpp">
      <Filter>Renderer</Filter>
    </ClInclude>
    <ClInclude Include="Renderer\DrawCall.hpp">
      <Filter>Renderer</Filter>
    </ClInclude>
    <ClInclude Include="Renderer\DrawInstruction.hpp">
      <Filter>Renderer</Filter>
    </ClInclude>
    <ClInclude Include="Renderer\ForwardRenderingPath.hpp">
      <Filter>Renderer</Filter>
    </ClInclude>
    <ClInclude Include="Renderer\FrameBuffer.hpp">
      <Filter>Renderer</Filter>
    </ClInclude>
    <ClInclude Include="Renderer\GLFunctions.hpp">
      <Filter>Renderer</Filter>
    </ClInclude>
    <ClInclude Include="Renderer\IndexBuffer.hpp">
      <Filter>Renderer</Filter>
    </ClInclude>
    <ClInclude Include="Renderer\InputLayout.hpp">
      <Filter>Renderer</Filter>
    </ClInclude>
    <ClInclude Include="Renderer\Light.hpp">
      <Filter>Renderer</Filter>
    </ClInclude>
    <ClInclude Include="Renderer\Material.hpp">
      <Filter>Renderer</Filter>
    </ClInclude>
    <ClInclude Include="Renderer\Mesh.hpp">
      <Filter>Renderer</Filter>
    </ClInclude>
    <ClInclude Include="Renderer\MeshBuilder.hpp">
      <Filter>Renderer</Filter>
    </ClInclude>
    <ClInclude Include="Renderer\MeshPrimitive.hpp">
      <Filter>Renderer</Filter>
    </ClInclude>
    <ClInclude Include="Renderer\OrbitCamera.hpp">
      <Filter>Renderer</Filter>
    </ClInclude>
    <ClInclude Include="Renderer\Renderable.hpp">
      <Filter>Renderer</Filter>
    </ClInclude>
    <ClInclude Include="Renderer\RenderBuffer.hpp">
      <Filter>Renderer</Filter>
    </ClInclude>
    <ClInclude Include="Renderer\Renderer.hpp">
      <Filter>Renderer</Filter>
    </ClInclude>
    <ClInclude Include="Renderer\RendererEnums.hpp">
      <Filter>Renderer</Filter>
    </ClInclude>
    <ClInclude Include="Renderer\RenderingContext.hpp">
      <Filter>Renderer</Filter>
    </ClInclude>
    <ClInclude Include="Renderer\RenderSceneGraph.hpp">
      <Filter>Renderer</Filter>
    </ClInclude>
    <ClInclude Include="Renderer\RenderState.hpp">
      <Filter>Renderer</Filter>
    </ClInclude>
    <ClInclude Include="Renderer\Sampler.hpp">
      <Filter>Renderer</Filter>
    </ClInclude>
    <ClInclude Include="Renderer\ShaderPass.hpp">
      <Filter>Renderer</Filter>
    </ClInclude>
    <ClInclude Include="Renderer\ShaderProgram.hpp">
      <Filter>Renderer</Filter>
    </ClInclude>
    <ClInclude Include="Renderer\ShaderSourceBuilder.hpp">
      <Filter>Renderer</Filter>
    </ClInclude>
    <ClInclude Include="Renderer\Sprite.hpp">
      <Filter>Renderer</Filter>
    </ClInclude>
    <ClInclude Include="Renderer\SpriteAnim.hpp">
      <Filter>Renderer</Filter>
    </ClInclude>
    <ClInclude Include="Renderer\SpriteAnimDefinition.hpp">
      <Filter>Renderer</Filter>
    </ClInclude>
    <ClInclude Include="Renderer\SpriteAnimSet.hpp">
      <Filter>Renderer</Filter>
    </ClInclude>
    <ClInclude Include="Renderer\SpriteAnimSetDefinition.hpp">
      <Filter>Renderer</Filter>
    </ClInclude>
    <ClInclude Include="Renderer\SpriteAnimType.hpp">
      <Filter>Renderer</Filter>
    </ClInclude>
    <ClInclude Include="Renderer\SpriteSheet.hpp">
      <Filter>Renderer</Filter>
    </ClInclude>
    <ClInclude Include="Renderer\TextMeshBuilder.hpp">
      <Filter>Renderer</Filter>
    </ClInclude>
    <ClInclude Include="Renderer\Texture.hpp">
      <Filter>Renderer</Filter>
    </ClInclude>
    <ClInclude Include="Renderer\TextureBindings.hpp">
      <Filter>Renderer</Filter>
    </ClInclude>
    <ClInclude Include="Renderer\UBO.hpp">
      <Filter>Renderer</Filter>
    </ClInclude>
    <ClInclude Include="Renderer\UniformBuffer.hpp">
      <Filter>Renderer</Filter>
    </ClInclude>
    <ClInclude Include="Renderer\Vertex.hpp">
      <Filter>Renderer</Filter>
    </ClInclude>
    <ClInclude Include="Renderer\VertexBuffer.hpp">
      <Filter>Renderer</Filter>
    </ClInclude>
    <ClInclude Include="Renderer\VertexLayout.hpp">
      <Filter>Renderer</Filter>
    </ClInclude>
    <ClInclude Include="ShapeGrammar\ShapeRulesetLoader.hpp">
      <Filter>ShapeGrammar</Filter>
    </ClInclude>
    <ClInclude Include="String\ParseStatus.hpp">
      <Filter>String</Filter>
    </ClInclude>
    <ClInclude Include="String\StringUtils.hpp">
      <Filter>String</Filter>
    </ClInclude>
    <ClInclude Include="Thread\Thread.hpp">
      <Filter>Thread</Filter>
    </ClInclude>
    <ClInclude Include="Thread\ThreadSafeQueue.hpp">
      <Filter>Thread</Filter>
    </ClInclude>
    <ClInclude Include="Time\Clock.hpp">
      <Filter>Time</Filter>
    </ClInclude>
    <ClInclude Include="Time\DateTime.hpp">
      <Filter>Time</Filter>
    </ClInclude>
    <ClInclude Include="Time\StopWatch.hpp">
      <Filter>Time</Filter>
    </ClInclude>
    <ClInclude Include="Time\Time.hpp">
      <Filter>Time</Filter>
    </ClInclude>
    <ClInclude Include="Time\Timer.hpp">
      <Filter>Time</Filter>
    </ClInclude>
    <ClInclude Include="Time\Tween.hpp">
      <Filter>Time</Filter>
    </ClInclude>
    <ClInclude Include="Time\TweenSystem.hpp">
      <Filter>Time</Filter>
    </ClInclude>
    <ClInclude Include="UI\Menu.hpp">
      <Filter>UI</Filter>
    </ClInclude>
    <ClInclude Include="UI\MenuEntry.hpp">
      <Filter>UI</Filter>
    </ClInclude>
    <ClInclude Include="DataUtils\BytePacker.hpp" />
    <ClInclude Include="Core\EngineCommonH.hpp">
      <Filter>Core</Filter>
    </ClInclude>
    <ClInclude Include="Core\EngineCommonC.hpp" />
    <ClInclude Include="Net\RemoteCommandService.hpp" />
    <ClInclude Include="Renderer\TextRenderable.hpp" />
    <ClInclude Include="Core\IConsoleObserver.hpp" />
    <ClInclude Include="Core\SystemUtils.hpp" />
    <ClInclude Include="Log\LogLevel.hpp" />
  </ItemGroup>
</Project>