<?xml version="1.0" encoding="utf-8"?>
<Project ToolsVersion="4.0" xmlns="http://schemas.microsoft.com/developer/msbuild/2003">
  <ItemGroup>
    <Filter Include="Math">
      <UniqueIdentifier>{4b43cf90-db9c-4fce-a84a-911c7f3ee87f}</UniqueIdentifier>
    </Filter>
    <Filter Include="Input">
      <UniqueIdentifier>{bec03ff0-c177-4f19-9ff0-e68d0094369c}</UniqueIdentifier>
    </Filter>
    <Filter Include="Renderer">
      <UniqueIdentifier>{688a2e72-2c55-49bb-a4c7-58352e9ac462}</UniqueIdentifier>
    </Filter>
    <Filter Include="Core">
      <UniqueIdentifier>{ef10767d-a7a2-4069-8ba0-75cd912e864f}</UniqueIdentifier>
    </Filter>
    <Filter Include="ThirdParty">
      <UniqueIdentifier>{e90e1c84-e0ad-41e6-85c5-e002454ec349}</UniqueIdentifier>
    </Filter>
    <Filter Include="Audio">
      <UniqueIdentifier>{2c632399-d751-4a76-9c30-9d79cc8ed423}</UniqueIdentifier>
    </Filter>
    <Filter Include="UI">
      <UniqueIdentifier>{81c2138b-f3b8-483c-af54-96442911d741}</UniqueIdentifier>
    </Filter>
    <Filter Include="IO">
      <UniqueIdentifier>{9c45ff19-6127-4b18-b357-d2e8d442dbea}</UniqueIdentifier>
    </Filter>
    <Filter Include="Time">
      <UniqueIdentifier>{61086923-effa-4b71-954a-34f745c25ec1}</UniqueIdentifier>
    </Filter>
    <Filter Include="Renderer\Sprite">
      <UniqueIdentifier>{9ff92bfe-4d06-4fdc-9adc-d8769717d18c}</UniqueIdentifier>
    </Filter>
    <Filter Include="Renderer\Mesh">
      <UniqueIdentifier>{13395d59-a707-4d60-9c6a-dce7f7281d02}</UniqueIdentifier>
    </Filter>
    <Filter Include="Renderer\Font">
      <UniqueIdentifier>{510ba87d-f034-4608-86a4-9b02c4f41497}</UniqueIdentifier>
    </Filter>
    <Filter Include="Math\Geometry">
      <UniqueIdentifier>{b94408f3-e29b-4ca7-ad0e-37cb338988d2}</UniqueIdentifier>
    </Filter>
    <Filter Include="Renderer\Shader">
      <UniqueIdentifier>{76546c9e-9004-46c4-bce9-64eb96692343}</UniqueIdentifier>
    </Filter>
    <Filter Include="Renderer\GPUHandles">
      <UniqueIdentifier>{834cdf91-b3c9-45ce-a45d-0bdf59da0093}</UniqueIdentifier>
    </Filter>
    <Filter Include="Particles">
      <UniqueIdentifier>{017c6281-e338-46eb-adfc-4ef172514fe9}</UniqueIdentifier>
    </Filter>
    <Filter Include="Math\Raycast">
      <UniqueIdentifier>{f28e02f1-58b1-434d-bff1-f62bdbfdec41}</UniqueIdentifier>
    </Filter>
    <Filter Include="Renderer\Textures">
      <UniqueIdentifier>{8c984b1b-9b49-48bb-adf0-fad894bc788b}</UniqueIdentifier>
    </Filter>
    <Filter Include="Renderer\Camera">
      <UniqueIdentifier>{535789c6-38c7-43ef-ab33-f75d4ce0820b}</UniqueIdentifier>
    </Filter>
    <Filter Include="Renderer\GL">
      <UniqueIdentifier>{111643fe-a4b9-4797-99d4-4654256e530b}</UniqueIdentifier>
    </Filter>
    <Filter Include="Math\Primitive">
      <UniqueIdentifier>{9e6bce7a-11c0-47f4-99b0-a0bc73ea3d23}</UniqueIdentifier>
    </Filter>
    <Filter Include="Math\Solver">
      <UniqueIdentifier>{9fc657b6-3d5f-468e-a21b-5ae430ca47fc}</UniqueIdentifier>
    </Filter>
    <Filter Include="Python">
      <UniqueIdentifier>{86be35fa-c061-4ed9-850b-029da99bff17}</UniqueIdentifier>
    </Filter>
    <Filter Include="GameObject">
      <UniqueIdentifier>{dc54a8fc-fc98-432b-b3ad-c0e662a2fcde}</UniqueIdentifier>
    </Filter>
    <Filter Include="Profiling">
      <UniqueIdentifier>{37b11870-498a-476a-9a8a-895d2e13eabe}</UniqueIdentifier>
    </Filter>
  </ItemGroup>
  <ItemGroup>
    <ClCompile Include="Math\Random.cpp">
      <Filter>Math</Filter>
    </ClCompile>
    <ClCompile Include="Input\InputSystem.cpp">
      <Filter>Input</Filter>
    </ClCompile>
    <ClCompile Include="Renderer\Renderer.cpp">
      <Filter>Renderer</Filter>
    </ClCompile>
    <ClCompile Include="Core\Rgba.cpp">
      <Filter>Core</Filter>
    </ClCompile>
    <ClCompile Include="Core\EngineCommon.cpp">
      <Filter>Core</Filter>
    </ClCompile>
    <ClCompile Include="Input\XboxController.cpp">
      <Filter>Input</Filter>
    </ClCompile>
    <ClCompile Include="Input\AnalogJoystick.cpp">
      <Filter>Input</Filter>
    </ClCompile>
    <ClCompile Include="Input\KeyButtonState.cpp">
      <Filter>Input</Filter>
    </ClCompile>
    <ClCompile Include="..\ThirdParty\stb\stb_image.c">
      <Filter>ThirdParty</Filter>
    </ClCompile>
    <ClCompile Include="Core\StringUtils.cpp">
      <Filter>Core</Filter>
    </ClCompile>
    <ClCompile Include="Audio\AudioSystem.cpp">
      <Filter>Audio</Filter>
    </ClCompile>
    <ClCompile Include="..\ThirdParty\pugixml\pugixml.cpp">
      <Filter>ThirdParty</Filter>
    </ClCompile>
    <ClCompile Include="Core\XmlUtils.cpp">
      <Filter>Core</Filter>
    </ClCompile>
    <ClCompile Include="Core\Blackboard.cpp">
      <Filter>Core</Filter>
    </ClCompile>
    <ClCompile Include="Core\Console.cpp">
      <Filter>Core</Filter>
    </ClCompile>
    <ClCompile Include="Core\Image.cpp">
      <Filter>Core</Filter>
    </ClCompile>
    <ClCompile Include="Core\ContainerUtils.cpp">
      <Filter>Core</Filter>
    </ClCompile>
    <ClCompile Include="UI\Menu.cpp">
      <Filter>UI</Filter>
    </ClCompile>
    <ClCompile Include="UI\MenuEntry.cpp">
      <Filter>UI</Filter>
    </ClCompile>
    <ClCompile Include="Math\RawNoise.cpp">
      <Filter>Math</Filter>
    </ClCompile>
    <ClCompile Include="Math\SmoothNoise.cpp">
      <Filter>Math</Filter>
    </ClCompile>
    <ClCompile Include="Core\CommandSystem.cpp">
      <Filter>Core</Filter>
    </ClCompile>
    <ClCompile Include="Renderer\Material.cpp">
      <Filter>Renderer</Filter>
    </ClCompile>
    <ClCompile Include="Time\Time.cpp">
      <Filter>Time</Filter>
    </ClCompile>
    <ClCompile Include="Time\StopWatch.cpp">
      <Filter>Time</Filter>
    </ClCompile>
    <ClCompile Include="Time\Clock.cpp">
      <Filter>Time</Filter>
    </ClCompile>
    <ClCompile Include="Core\Window.cpp">
      <Filter>Core</Filter>
    </ClCompile>
    <ClCompile Include="Time\Timer.cpp">
      <Filter>Time</Filter>
    </ClCompile>
    <ClCompile Include="Time\Tween.cpp">
      <Filter>Time</Filter>
    </ClCompile>
    <ClCompile Include="Time\TweenSystem.cpp">
      <Filter>Time</Filter>
    </ClCompile>
    <ClCompile Include="Math\Trajectory.cpp">
      <Filter>Math</Filter>
    </ClCompile>
    <ClCompile Include="Renderer\BitmapFont.cpp">
      <Filter>Renderer\Font</Filter>
    </ClCompile>
    <ClCompile Include="Renderer\SpriteAnim.cpp">
      <Filter>Renderer\Sprite</Filter>
    </ClCompile>
    <ClCompile Include="Renderer\SpriteAnimDefinition.cpp">
      <Filter>Renderer\Sprite</Filter>
    </ClCompile>
    <ClCompile Include="Renderer\SpriteAnimSet.cpp">
      <Filter>Renderer\Sprite</Filter>
    </ClCompile>
    <ClCompile Include="Renderer\SpriteAnimSetDefinition.cpp">
      <Filter>Renderer\Sprite</Filter>
    </ClCompile>
    <ClCompile Include="Renderer\SpriteAnimType.cpp">
      <Filter>Renderer\Sprite</Filter>
    </ClCompile>
    <ClCompile Include="Renderer\SpriteSheet.cpp">
      <Filter>Renderer\Sprite</Filter>
    </ClCompile>
    <ClCompile Include="Renderer\MeshPrimitive.cpp">
      <Filter>Renderer\Mesh</Filter>
    </ClCompile>
    <ClCompile Include="Math\Intersection.cpp">
      <Filter>Math\Geometry</Filter>
    </ClCompile>
    <ClCompile Include="Renderer\ShaderProgram.cpp">
      <Filter>Renderer\Shader</Filter>
    </ClCompile>
    <ClCompile Include="Renderer\ShaderSourceBuilder.cpp">
      <Filter>Renderer\Shader</Filter>
    </ClCompile>
    <ClCompile Include="Core\ErrorUtils.cpp">
      <Filter>Core</Filter>
    </ClCompile>
    <ClCompile Include="IO\IOUtils.cpp">
      <Filter>IO</Filter>
    </ClCompile>
    <ClCompile Include="Core\Blob.cpp">
      <Filter>Core</Filter>
    </ClCompile>
    <ClCompile Include="Renderer\UniformBuffer.cpp">
      <Filter>Renderer\GPUHandles</Filter>
    </ClCompile>
    <ClCompile Include="Renderer\RenderBuffer.cpp">
      <Filter>Renderer\GPUHandles</Filter>
    </ClCompile>
    <ClCompile Include="Renderer\FrameBuffer.cpp">
      <Filter>Renderer\GPUHandles</Filter>
    </ClCompile>
    <ClCompile Include="Renderer\IndexBuffer.cpp">
      <Filter>Renderer\GPUHandles</Filter>
    </ClCompile>
    <ClCompile Include="Renderer\MeshBuilder.cpp">
      <Filter>Renderer\Mesh</Filter>
    </ClCompile>
    <ClCompile Include="Renderer\Renderable.cpp">
      <Filter>Renderer</Filter>
    </ClCompile>
    <ClCompile Include="Renderer\TextMeshBuilder.cpp">
      <Filter>Renderer\Mesh</Filter>
    </ClCompile>
    <ClCompile Include="Renderer\VertexLayout.cpp">
      <Filter>Renderer</Filter>
    </ClCompile>
    <ClCompile Include="Renderer\Vertex.cpp">
      <Filter>Renderer</Filter>
    </ClCompile>
    <ClCompile Include="Renderer\DebugRender.cpp">
      <Filter>Renderer</Filter>
    </ClCompile>
    <ClCompile Include="IO\ObjLoader.cpp">
      <Filter>IO</Filter>
    </ClCompile>
    <ClCompile Include="Math\SurfacePatch.cpp">
      <Filter>Math</Filter>
    </ClCompile>
    <ClCompile Include="Renderer\RenderSceneGraph.cpp">
      <Filter>Renderer</Filter>
    </ClCompile>
    <ClCompile Include="Renderer\ShaderPass.cpp">
      <Filter>Renderer\Shader</Filter>
    </ClCompile>
    <ClCompile Include="Renderer\DrawCall.cpp">
      <Filter>Renderer\Shader</Filter>
    </ClCompile>
    <ClCompile Include="Renderer\ForwardRenderingPath.cpp">
      <Filter>Renderer\Shader</Filter>
    </ClCompile>
    <ClCompile Include="Renderer\Mesh.cpp">
      <Filter>Renderer\Mesh</Filter>
    </ClCompile>
    <ClCompile Include="Renderer\RendererEnums.cpp">
      <Filter>Renderer</Filter>
    </ClCompile>
    <ClCompile Include="Renderer\RenderState.cpp">
      <Filter>Renderer</Filter>
    </ClCompile>
    <ClCompile Include="..\ThirdParty\mikktspace\mikktspace.c">
      <Filter>ThirdParty</Filter>
    </ClCompile>
    <ClCompile Include="Renderer\InputLayout.cpp">
      <Filter>Renderer</Filter>
    </ClCompile>
    <ClCompile Include="Renderer\Light.cpp">
      <Filter>Renderer</Filter>
    </ClCompile>
    <ClCompile Include="Particles\Particle.cpp">
      <Filter>Particles</Filter>
    </ClCompile>
    <ClCompile Include="Core\Transform.cpp">
      <Filter>Core</Filter>
    </ClCompile>
    <ClCompile Include="Particles\ParticleEmitter.cpp">
      <Filter>Particles</Filter>
    </ClCompile>
    <ClCompile Include="Math\RaycastHit3.cpp">
      <Filter>Math\Raycast</Filter>
    </ClCompile>
    <ClCompile Include="Renderer\Texture.cpp">
      <Filter>Renderer\Textures</Filter>
    </ClCompile>
    <ClCompile Include="Renderer\CubeMap.cpp">
      <Filter>Renderer\Textures</Filter>
    </ClCompile>
    <ClCompile Include="Renderer\Camera.cpp">
      <Filter>Renderer\Camera</Filter>
    </ClCompile>
    <ClCompile Include="Renderer\OrbitCamera.cpp">
      <Filter>Renderer\Camera</Filter>
    </ClCompile>
    <ClCompile Include="Renderer\GLFunctions.cpp">
      <Filter>Renderer\GL</Filter>
    </ClCompile>
    <ClCompile Include="Renderer\RenderingContext.cpp">
      <Filter>Renderer\GL</Filter>
    </ClCompile>
    <ClCompile Include="Math\Raycast.cpp">
      <Filter>Math\Raycast</Filter>
    </ClCompile>
    <ClCompile Include="Math\GridStepper2D.cpp">
      <Filter>Math\Raycast</Filter>
    </ClCompile>
    <ClCompile Include="Math\MathUtils.cpp">
      <Filter>Math</Filter>
    </ClCompile>
    <ClCompile Include="Math\AABB3.cpp">
      <Filter>Math\Primitive</Filter>
    </ClCompile>
    <ClCompile Include="Math\CubeSide.cpp">
      <Filter>Math\Primitive</Filter>
    </ClCompile>
    <ClCompile Include="Math\CubicSpline.cpp">
      <Filter>Math\Primitive</Filter>
    </ClCompile>
    <ClCompile Include="Math\Disc2.cpp">
      <Filter>Math\Primitive</Filter>
    </ClCompile>
    <ClCompile Include="Math\IRange.cpp">
      <Filter>Math\Primitive</Filter>
    </ClCompile>
    <ClCompile Include="Math\IVec2.cpp">
      <Filter>Math\Primitive</Filter>
    </ClCompile>
    <ClCompile Include="Math\IVec3.cpp">
      <Filter>Math\Primitive</Filter>
    </ClCompile>
    <ClCompile Include="Math\Mat4.cpp">
      <Filter>Math\Primitive</Filter>
    </ClCompile>
    <ClCompile Include="Math\AABB2.cpp">
      <Filter>Math\Primitive</Filter>
    </ClCompile>
    <ClCompile Include="Math\Range.cpp">
      <Filter>Math\Primitive</Filter>
    </ClCompile>
    <ClCompile Include="Math\Vec2.cpp">
      <Filter>Math\Primitive</Filter>
    </ClCompile>
    <ClCompile Include="Math\Vec3.cpp">
      <Filter>Math\Primitive</Filter>
    </ClCompile>
    <ClCompile Include="Math\Vec4.cpp">
      <Filter>Math\Primitive</Filter>
    </ClCompile>
    <ClCompile Include="Math\Plane.cpp">
      <Filter>Math\Primitive</Filter>
    </ClCompile>
    <ClCompile Include="Math\Ray3.cpp">
      <Filter>Math\Primitive</Filter>
    </ClCompile>
    <ClCompile Include="Math\Segment3.cpp">
      <Filter>Math\Primitive</Filter>
    </ClCompile>
    <ClCompile Include="Math\Ray2.cpp">
      <Filter>Math\Raycast</Filter>
    </ClCompile>
    <ClCompile Include="Math\Solver.cpp">
      <Filter>Math\Solver</Filter>
    </ClCompile>
    <ClCompile Include="Core\GameObject.cpp">
      <Filter>GameObject</Filter>
    </ClCompile>
    <ClCompile Include="Core\GameObjectManager.cpp">
      <Filter>GameObject</Filter>
    </ClCompile>
    <ClCompile Include="Core\PythonBindings.cpp">
      <Filter>Python</Filter>
    </ClCompile>
    <ClCompile Include="Core\PythonInterpreter.cpp">
      <Filter>Python</Filter>
    </ClCompile>
    <ClCompile Include="Math\OBB3.cpp">
      <Filter>Math\Primitive</Filter>
    </ClCompile>
    <ClCompile Include="Math\Distance.cpp">
      <Filter>Math\Geometry</Filter>
    </ClCompile>
    <ClCompile Include="Renderer\Sampler.cpp">
      <Filter>Renderer\Textures</Filter>
    </ClCompile>
    <ClCompile Include="Math\Frustum.cpp">
      <Filter>Math\Primitive</Filter>
    </ClCompile>
    <ClCompile Include="Core\ProfileLogScoped.cpp">
      <Filter>Profiling</Filter>
    </ClCompile>
    <ClCompile Include="Core\Profiler.cpp">
      <Filter>Profiling</Filter>
    </ClCompile>
    <ClCompile Include="Core\ProfilerReportEntry.cpp">
      <Filter>Profiling</Filter>
    </ClCompile>
    <ClCompile Include="Core\ProfilerReport.cpp">
      <Filter>Profiling</Filter>
    </ClCompile>
    <ClCompile Include="Renderer\BarGraph.cpp">
      <Filter>Renderer\Mesh</Filter>
    </ClCompile>
  </ItemGroup>
  <ItemGroup>
    <ClInclude Include="Math\MathUtils.hpp">
      <Filter>Math</Filter>
    </ClInclude>
    <ClInclude Include="Math\Random.hpp">
      <Filter>Math</Filter>
    </ClInclude>
    <ClInclude Include="Input\InputSystem.hpp">
      <Filter>Input</Filter>
    </ClInclude>
    <ClInclude Include="Renderer\Renderer.hpp">
      <Filter>Renderer</Filter>
    </ClInclude>
    <ClInclude Include="Input\XboxController.hpp">
      <Filter>Input</Filter>
    </ClInclude>
    <ClInclude Include="Core\Rgba.hpp">
      <Filter>Core</Filter>
    </ClInclude>
    <ClInclude Include="Core\EngineCommon.hpp">
      <Filter>Core</Filter>
    </ClInclude>
    <ClInclude Include="Input\KeyButtonState.hpp">
      <Filter>Input</Filter>
    </ClInclude>
    <ClInclude Include="Input\AnalogJoystick.hpp">
      <Filter>Input</Filter>
    </ClInclude>
    <ClInclude Include="..\ThirdParty\stb\stb_image.h">
      <Filter>ThirdParty</Filter>
    </ClInclude>
    <ClInclude Include="Core\StringUtils.hpp">
      <Filter>Core</Filter>
    </ClInclude>
    <ClInclude Include="Audio\AudioSystem.hpp">
      <Filter>Audio</Filter>
    </ClInclude>
    <ClInclude Include="..\ThirdParty\pugixml\pugiconfig.hpp">
      <Filter>ThirdParty</Filter>
    </ClInclude>
    <ClInclude Include="..\ThirdParty\pugixml\pugixml.hpp">
      <Filter>ThirdParty</Filter>
    </ClInclude>
    <ClInclude Include="Core\XmlUtils.hpp">
      <Filter>Core</Filter>
    </ClInclude>
    <ClInclude Include="..\ThirdParty\fmod\fmod.h">
      <Filter>ThirdParty</Filter>
    </ClInclude>
    <ClInclude Include="..\ThirdParty\fmod\fmod.hpp">
      <Filter>ThirdParty</Filter>
    </ClInclude>
    <ClInclude Include="..\ThirdParty\fmod\fmod_codec.h">
      <Filter>ThirdParty</Filter>
    </ClInclude>
    <ClInclude Include="..\ThirdParty\fmod\fmod_common.h">
      <Filter>ThirdParty</Filter>
    </ClInclude>
    <ClInclude Include="..\ThirdParty\fmod\fmod_dsp.h">
      <Filter>ThirdParty</Filter>
    </ClInclude>
    <ClInclude Include="..\ThirdParty\fmod\fmod_dsp_effects.h">
      <Filter>ThirdParty</Filter>
    </ClInclude>
    <ClInclude Include="..\ThirdParty\fmod\fmod_errors.h">
      <Filter>ThirdParty</Filter>
    </ClInclude>
    <ClInclude Include="..\ThirdParty\fmod\fmod_output.h">
      <Filter>ThirdParty</Filter>
    </ClInclude>
    <ClInclude Include="Input\InputObserver.hpp">
      <Filter>Input</Filter>
    </ClInclude>
    <ClInclude Include="Core\Blackboard.hpp">
      <Filter>Core</Filter>
    </ClInclude>
    <ClInclude Include="Core\Console.hpp">
      <Filter>Core</Filter>
    </ClInclude>
    <ClInclude Include="Core\Image.hpp">
      <Filter>Core</Filter>
    </ClInclude>
    <ClInclude Include="Core\SmartEnum.hpp">
      <Filter>Core</Filter>
    </ClInclude>
    <ClInclude Include="Core\ContainerUtils.hpp">
      <Filter>Core</Filter>
    </ClInclude>
    <ClInclude Include="UI\Menu.hpp">
      <Filter>UI</Filter>
    </ClInclude>
    <ClInclude Include="Core\HeatMap.hpp">
      <Filter>Core</Filter>
    </ClInclude>
    <ClInclude Include="Math\RawNoise.hpp">
      <Filter>Math</Filter>
    </ClInclude>
    <ClInclude Include="Math\SmoothNoise.hpp">
      <Filter>Math</Filter>
    </ClInclude>
    <ClInclude Include="UI\MenuEntry.hpp">
      <Filter>UI</Filter>
    </ClInclude>
    <ClInclude Include="Core\CommandSystem.hpp">
      <Filter>Core</Filter>
    </ClInclude>
    <ClInclude Include="..\ThirdParty\gl\glcorearb.h">
      <Filter>ThirdParty</Filter>
    </ClInclude>
    <ClInclude Include="..\ThirdParty\gl\glext.h">
      <Filter>ThirdParty</Filter>
    </ClInclude>
    <ClInclude Include="Renderer\Material.hpp">
      <Filter>Renderer</Filter>
    </ClInclude>
    <ClInclude Include="Core\Types.hpp">
      <Filter>Core</Filter>
    </ClInclude>
    <ClInclude Include="..\ThirdParty\gl\wglext.h">
      <Filter>ThirdParty</Filter>
    </ClInclude>
    <ClInclude Include="..\ThirdParty\stb\stb_image_write.h">
      <Filter>ThirdParty</Filter>
    </ClInclude>
    <ClInclude Include="Time\Time.hpp">
      <Filter>Time</Filter>
    </ClInclude>
    <ClInclude Include="Time\StopWatch.hpp">
      <Filter>Time</Filter>
    </ClInclude>
    <ClInclude Include="Time\Clock.hpp">
      <Filter>Time</Filter>
    </ClInclude>
    <ClInclude Include="Core\Window.hpp">
      <Filter>Core</Filter>
    </ClInclude>
    <ClInclude Include="Time\Timer.hpp">
      <Filter>Time</Filter>
    </ClInclude>
    <ClInclude Include="Time\Tween.hpp">
      <Filter>Time</Filter>
    </ClInclude>
    <ClInclude Include="Time\TweenSystem.hpp">
      <Filter>Time</Filter>
    </ClInclude>
    <ClInclude Include="Math\Trajectory.hpp">
      <Filter>Math</Filter>
    </ClInclude>
    <ClInclude Include="Renderer\BitmapFont.hpp">
      <Filter>Renderer\Font</Filter>
    </ClInclude>
    <ClInclude Include="Renderer\Sprite.hpp">
      <Filter>Renderer\Sprite</Filter>
    </ClInclude>
    <ClInclude Include="Renderer\SpriteAnim.hpp">
      <Filter>Renderer\Sprite</Filter>
    </ClInclude>
    <ClInclude Include="Renderer\SpriteAnimDefinition.hpp">
      <Filter>Renderer\Sprite</Filter>
    </ClInclude>
    <ClInclude Include="Renderer\SpriteAnimSet.hpp">
      <Filter>Renderer\Sprite</Filter>
    </ClInclude>
    <ClInclude Include="Renderer\SpriteAnimSetDefinition.hpp">
      <Filter>Renderer\Sprite</Filter>
    </ClInclude>
    <ClInclude Include="Renderer\SpriteAnimType.hpp">
      <Filter>Renderer\Sprite</Filter>
    </ClInclude>
    <ClInclude Include="Renderer\SpriteSheet.hpp">
      <Filter>Renderer\Sprite</Filter>
    </ClInclude>
    <ClInclude Include="Renderer\MeshPrimitive.hpp">
      <Filter>Renderer\Mesh</Filter>
    </ClInclude>
    <ClInclude Include="Math\Intersection.hpp">
      <Filter>Math\Geometry</Filter>
    </ClInclude>
    <ClInclude Include="Renderer\BuiltinShader.hpp">
      <Filter>Renderer\Shader</Filter>
    </ClInclude>
    <ClInclude Include="Renderer\ShaderProgram.hpp">
      <Filter>Renderer\Shader</Filter>
    </ClInclude>
    <ClInclude Include="Renderer\ShaderSourceBuilder.hpp">
      <Filter>Renderer\Shader</Filter>
    </ClInclude>
    <ClInclude Include="Renderer\UBO.hpp">
      <Filter>Renderer\Shader</Filter>
    </ClInclude>
    <ClInclude Include="Core\ErrorUtils.hpp">
      <Filter>Core</Filter>
    </ClInclude>
    <ClInclude Include="IO\IOUtils.hpp">
      <Filter>IO</Filter>
    </ClInclude>
    <ClInclude Include="Core\Blob.hpp">
      <Filter>Core</Filter>
    </ClInclude>
    <ClInclude Include="Renderer\UniformBuffer.hpp">
      <Filter>Renderer\GPUHandles</Filter>
    </ClInclude>
    <ClInclude Include="Renderer\RenderBuffer.hpp">
      <Filter>Renderer\GPUHandles</Filter>
    </ClInclude>
    <ClInclude Include="Renderer\FrameBuffer.hpp">
      <Filter>Renderer\GPUHandles</Filter>
    </ClInclude>
    <ClInclude Include="Renderer\IndexBuffer.hpp">
      <Filter>Renderer\GPUHandles</Filter>
    </ClInclude>
    <ClInclude Include="Renderer\VertexBuffer.hpp">
      <Filter>Renderer\GPUHandles</Filter>
    </ClInclude>
    <ClInclude Include="Renderer\MeshBuilder.hpp">
      <Filter>Renderer\Mesh</Filter>
    </ClInclude>
    <ClInclude Include="Renderer\Renderable.hpp">
      <Filter>Renderer</Filter>
    </ClInclude>
    <ClInclude Include="Renderer\TextMeshBuilder.hpp">
      <Filter>Renderer\Mesh</Filter>
    </ClInclude>
    <ClInclude Include="Renderer\VertexLayout.hpp">
      <Filter>Renderer</Filter>
    </ClInclude>
    <ClInclude Include="Renderer\Vertex.hpp">
      <Filter>Renderer</Filter>
    </ClInclude>
    <ClInclude Include="Renderer\DebugRender.hpp">
      <Filter>Renderer</Filter>
    </ClInclude>
    <ClInclude Include="IO\ObjLoader.hpp">
      <Filter>IO</Filter>
    </ClInclude>
    <ClInclude Include="Renderer\TextureBindings.hpp">
      <Filter>Renderer\Shader</Filter>
    </ClInclude>
    <ClInclude Include="Math\SurfacePatch.hpp">
      <Filter>Math</Filter>
    </ClInclude>
    <ClInclude Include="Renderer\RenderSceneGraph.hpp">
      <Filter>Renderer</Filter>
    </ClInclude>
    <ClInclude Include="Renderer\InputLayout.hpp">
      <Filter>Renderer</Filter>
    </ClInclude>
    <ClInclude Include="Renderer\ShaderPass.hpp">
      <Filter>Renderer\Shader</Filter>
    </ClInclude>
    <ClInclude Include="Renderer\DrawCall.hpp">
      <Filter>Renderer\Shader</Filter>
    </ClInclude>
    <ClInclude Include="Renderer\ForwardRenderingPath.hpp">
      <Filter>Renderer\Shader</Filter>
    </ClInclude>
    <ClInclude Include="Renderer\Mesh.hpp">
      <Filter>Renderer\Mesh</Filter>
    </ClInclude>
    <ClInclude Include="Renderer\RendererEnums.hpp">
      <Filter>Renderer</Filter>
    </ClInclude>
    <ClInclude Include="Renderer\DrawInstruction.hpp">
      <Filter>Renderer</Filter>
    </ClInclude>
    <ClInclude Include="Renderer\RenderState.hpp">
      <Filter>Renderer</Filter>
    </ClInclude>
    <ClInclude Include="..\ThirdParty\mikktspace\mikktspace.h">
      <Filter>ThirdParty</Filter>
    </ClInclude>
    <ClInclude Include="Renderer\Light.hpp">
      <Filter>Renderer</Filter>
    </ClInclude>
    <ClInclude Include="Particles\Particle.hpp">
      <Filter>Particles</Filter>
    </ClInclude>
    <ClInclude Include="Core\Transform.hpp">
      <Filter>Core</Filter>
    </ClInclude>
    <ClInclude Include="Particles\ParticleEmitter.hpp">
      <Filter>Particles</Filter>
    </ClInclude>
    <ClInclude Include="Math\RaycastHit3.hpp">
      <Filter>Math\Raycast</Filter>
    </ClInclude>
    <ClInclude Include="Renderer\Texture.hpp">
      <Filter>Renderer\Textures</Filter>
    </ClInclude>
    <ClInclude Include="Renderer\CubeMap.hpp">
      <Filter>Renderer\Textures</Filter>
    </ClInclude>
    <ClInclude Include="Renderer\Camera.hpp">
      <Filter>Renderer\Camera</Filter>
    </ClInclude>
    <ClInclude Include="Renderer\OrbitCamera.hpp">
      <Filter>Renderer\Camera</Filter>
    </ClInclude>
    <ClInclude Include="Renderer\GLFunctions.hpp">
      <Filter>Renderer\GL</Filter>
    </ClInclude>
    <ClInclude Include="Renderer\RenderingContext.hpp">
      <Filter>Renderer\GL</Filter>
    </ClInclude>
    <ClInclude Include="Math\Raycast.hpp">
      <Filter>Math\Raycast</Filter>
    </ClInclude>
    <ClInclude Include="Math\GridStepper2D.hpp">
      <Filter>Math\Raycast</Filter>
    </ClInclude>
    <ClInclude Include="Math\Mat4.hpp">
      <Filter>Math\Primitive</Filter>
    </ClInclude>
    <ClInclude Include="Math\AABB2.hpp">
      <Filter>Math\Primitive</Filter>
    </ClInclude>
    <ClInclude Include="Math\AABB3.hpp">
      <Filter>Math\Primitive</Filter>
    </ClInclude>
    <ClInclude Include="Math\Axis.hpp">
      <Filter>Math\Primitive</Filter>
    </ClInclude>
    <ClInclude Include="Math\CubeSide.hpp">
      <Filter>Math\Primitive</Filter>
    </ClInclude>
    <ClInclude Include="Math\CubicSpline.hpp">
      <Filter>Math\Primitive</Filter>
    </ClInclude>
    <ClInclude Include="Math\Disc2.hpp">
      <Filter>Math\Primitive</Filter>
    </ClInclude>
    <ClInclude Include="Math\IRange.hpp">
      <Filter>Math\Primitive</Filter>
    </ClInclude>
    <ClInclude Include="Math\IVec2.hpp">
      <Filter>Math\Primitive</Filter>
    </ClInclude>
    <ClInclude Include="Math\IVec3.hpp">
      <Filter>Math\Primitive</Filter>
    </ClInclude>
    <ClInclude Include="Math\Range.hpp">
      <Filter>Math\Primitive</Filter>
    </ClInclude>
    <ClInclude Include="Math\Vec2.hpp">
      <Filter>Math\Primitive</Filter>
    </ClInclude>
    <ClInclude Include="Math\Vec3.hpp">
      <Filter>Math\Primitive</Filter>
    </ClInclude>
    <ClInclude Include="Math\Vec4.hpp">
      <Filter>Math\Primitive</Filter>
    </ClInclude>
    <ClInclude Include="Math\Plane.hpp">
      <Filter>Math\Primitive</Filter>
    </ClInclude>
    <ClInclude Include="Math\Ray3.hpp">
      <Filter>Math\Primitive</Filter>
    </ClInclude>
    <ClInclude Include="Math\Segment3.hpp">
      <Filter>Math\Primitive</Filter>
    </ClInclude>
    <ClInclude Include="Math\Ray2.hpp">
      <Filter>Math\Raycast</Filter>
    </ClInclude>
    <ClInclude Include="Math\Solver.hpp">
      <Filter>Math\Solver</Filter>
    </ClInclude>
    <ClInclude Include="Core\GameObject.hpp">
      <Filter>GameObject</Filter>
    </ClInclude>
    <ClInclude Include="Core\GameObjectManager.hpp">
      <Filter>GameObject</Filter>
    </ClInclude>
    <ClInclude Include="Core\PythonBindings.hpp">
      <Filter>Python</Filter>
    </ClInclude>
    <ClInclude Include="Core\PythonInterpreter.hpp">
      <Filter>Python</Filter>
    </ClInclude>
    <ClInclude Include="Math\OBB3.hpp">
      <Filter>Math\Primitive</Filter>
    </ClInclude>
    <ClInclude Include="Math\Distance.hpp">
      <Filter>Math\Geometry</Filter>
    </ClInclude>
    <ClInclude Include="Renderer\Sampler.hpp">
      <Filter>Renderer\Textures</Filter>
    </ClInclude>
    <ClInclude Include="Math\Frustum.hpp">
      <Filter>Math\Primitive</Filter>
    </ClInclude>
    <ClInclude Include="Core\ProfileLogScoped.hpp">
      <Filter>Profiling</Filter>
    </ClInclude>
    <ClInclude Include="Core\Profiler.hpp">
      <Filter>Profiling</Filter>
    </ClInclude>
    <ClInclude Include="Core\ProfilerReportEntry.hpp">
      <Filter>Profiling</Filter>
    </ClInclude>
    <ClInclude Include="Core\ProfilerReport.hpp">
      <Filter>Profiling</Filter>
    </ClInclude>
    <ClInclude Include="Renderer\BarGraph.hpp">
      <Filter>Renderer\Mesh</Filter>
    </ClInclude>
  </ItemGroup>
  <ItemGroup>
    <None Include="Core\ParseStatus.hpp">
      <Filter>Core</Filter>
    </None>
  </ItemGroup>
</Project>