
Microsoft Visual Studio Solution File, Format Version 12.00
# Visual Studio 15
VisualStudioVersion = 15.0.27130.2027
MinimumVisualStudioVersion = 10.0.40219.1
Project("{8BC9CEB8-8B4A-11D0-8D11-00A0C91BC942}") = "SpaceGame", "Code\Game\Game.vcxproj", "{626D8073-FBA2-4885-B861-4D2A1F2AD37E}"
EndProject
Project("{8BC9CEB8-8B4A-11D0-8D11-00A0C91BC942}") = "Engine", "..\..\Engine\Code\Engine\Engine.vcxproj", "{F2DE36B5-C0FC-48BA-97C2-253D2F97796E}"
EndProject
Global
	GlobalSection(SolutionConfigurationPlatforms) = preSolution
		Debug|x64 = Debug|x64
		Debug|x86 = Debug|x86
		DebugInline|x64 = DebugInline|x64
		DebugInline|x86 = DebugInline|x86
		Release|x64 = Release|x64
		Release|x86 = Release|x86
	EndGlobalSection
	GlobalSection(ProjectConfigurationPlatforms) = postSolution
		{626D8073-FBA2-4885-B861-4D2A1F2AD37E}.Debug|x64.ActiveCfg = Debug|x64
		{626D8073-FBA2-4885-B861-4D2A1F2AD37E}.Debug|x64.Build.0 = Debug|x64
		{626D8073-FBA2-4885-B861-4D2A1F2AD37E}.Debug|x86.ActiveCfg = Debug|Win32
		{626D8073-FBA2-4885-B861-4D2A1F2AD37E}.Debug|x86.Build.0 = Debug|Win32
		{626D8073-FBA2-4885-B861-4D2A1F2AD37E}.DebugInline|x64.ActiveCfg = DebugInline|x64
		{626D8073-FBA2-4885-B861-4D2A1F2AD37E}.DebugInline|x64.Build.0 = DebugInline|x64
		{626D8073-FBA2-4885-B861-4D2A1F2AD37E}.DebugInline|x86.ActiveCfg = DebugInline|Win32
		{626D8073-FBA2-4885-B861-4D2A1F2AD37E}.DebugInline|x86.Build.0 = DebugInline|Win32
		{626D8073-FBA2-4885-B861-4D2A1F2AD37E}.Release|x64.ActiveCfg = Release|x64
		{626D8073-FBA2-4885-B861-4D2A1F2AD37E}.Release|x64.Build.0 = Release|x64
		{626D8073-FBA2-4885-B861-4D2A1F2AD37E}.Release|x86.ActiveCfg = Release|Win32
		{626D8073-FBA2-4885-B861-4D2A1F2AD37E}.Release|x86.Build.0 = Release|Win32
		{F2DE36B5-C0FC-48BA-97C2-253D2F97796E}.Debug|x64.ActiveCfg = Debug|x64
		{F2DE36B5-C0FC-48BA-97C2-253D2F97796E}.Debug|x64.Build.0 = Debug|x64
		{F2DE36B5-C0FC-48BA-97C2-253D2F97796E}.Debug|x86.ActiveCfg = Debug|Win32
		{F2DE36B5-C0FC-48BA-97C2-253D2F97796E}.Debug|x86.Build.0 = Debug|Win32
		{F2DE36B5-C0FC-48BA-97C2-253D2F97796E}.DebugInline|x64.ActiveCfg = DebugInline|x64
		{F2DE36B5-C0FC-48BA-97C2-253D2F97796E}.DebugInline|x64.Build.0 = DebugInline|x64
		{F2DE36B5-C0FC-48BA-97C2-253D2F97796E}.DebugInline|x86.ActiveCfg = DebugInline|Win32
		{F2DE36B5-C0FC-48BA-97C2-253D2F97796E}.DebugInline|x86.Build.0 = DebugInline|Win32
		{F2DE36B5-C0FC-48BA-97C2-253D2F97796E}.Release|x64.ActiveCfg = Release|x64
		{F2DE36B5-C0FC-48BA-97C2-253D2F97796E}.Release|x64.Build.0 = Release|x64
		{F2DE36B5-C0FC-48BA-97C2-253D2F97796E}.Release|x86.ActiveCfg = Release|Win32
		{F2DE36B5-C0FC-48BA-97C2-253D2F97796E}.Release|x86.Build.0 = Release|Win32
	EndGlobalSection
	GlobalSection(SolutionProperties) = preSolution
		HideSolutionNode = FALSE
	EndGlobalSection
	GlobalSection(ExtensibilityGlobals) = postSolution
		SolutionGuid = {A5FC7288-BCFC-4AD5-BA16-966E0CFA9538}
	EndGlobalSection
EndGlobal
